// !$*UTF8*$!
{
	archiveVersion = 1;
	classes = {
	};
	objectVersion = 46;
	objects = {

/* Begin PBXBuildFile section */
		AA7D243A162E15C0001B45BF /* Equations.cpp in Sources */ = {isa = PBXBuildFile; fileRef = AA7D2431162E15C0001B45BF /* Equations.cpp */; };
		AA7D243B162E15C0001B45BF /* main.cpp in Sources */ = {isa = PBXBuildFile; fileRef = AA7D2433162E15C0001B45BF /* main.cpp */; };
		AA7D243C162E15C0001B45BF /* RateState.cpp in Sources */ = {isa = PBXBuildFile; fileRef = AA7D2434162E15C0001B45BF /* RateState.cpp */; };
		AA7D243D162E15C0001B45BF /* Solver.cpp in Sources */ = {isa = PBXBuildFile; fileRef = AA7D2436162E15C0001B45BF /* Solver.cpp */; };
		AA7D243E162E15C0001B45BF /* Spline.cpp in Sources */ = {isa = PBXBuildFile; fileRef = AA7D2438162E15C0001B45BF /* Spline.cpp */; };
		AA7D244C162E1666001B45BF /* QuakeLibCondition.cpp in Sources */ = {isa = PBXBuildFile; fileRef = AA7D2444162E1666001B45BF /* QuakeLibCondition.cpp */; };
		AA7D244D162E1666001B45BF /* QuakeLibElement.cpp in Sources */ = {isa = PBXBuildFile; fileRef = AA7D2445162E1666001B45BF /* QuakeLibElement.cpp */; };
		AA7D244E162E1666001B45BF /* QuakeLibEvent.cpp in Sources */ = {isa = PBXBuildFile; fileRef = AA7D2446162E1666001B45BF /* QuakeLibEvent.cpp */; };
		AA7D244F162E1666001B45BF /* QuakeLibFriction.cpp in Sources */ = {isa = PBXBuildFile; fileRef = AA7D2447162E1666001B45BF /* QuakeLibFriction.cpp */; };
		AA7D2450162E1666001B45BF /* QuakeLibGeometry.cpp in Sources */ = {isa = PBXBuildFile; fileRef = AA7D2448162E1666001B45BF /* QuakeLibGeometry.cpp */; };
		AA7D2451162E1666001B45BF /* QuakeLibMetadata.cpp in Sources */ = {isa = PBXBuildFile; fileRef = AA7D2449162E1666001B45BF /* QuakeLibMetadata.cpp */; };
		AA7D2452162E1666001B45BF /* QuakeLibOkada.cpp in Sources */ = {isa = PBXBuildFile; fileRef = AA7D244A162E1666001B45BF /* QuakeLibOkada.cpp */; };
		AA7D2453162E1666001B45BF /* QuakeLibUtil.cpp in Sources */ = {isa = PBXBuildFile; fileRef = AA7D244B162E1666001B45BF /* QuakeLibUtil.cpp */; };
/* End PBXBuildFile section */

/* Begin PBXCopyFilesBuildPhase section */
		AA7D241D162E1588001B45BF /* CopyFiles */ = {
			isa = PBXCopyFilesBuildPhase;
			buildActionMask = 2147483647;
			dstPath = /usr/share/man/man1/;
			dstSubfolderSpec = 0;
			files = (
			);
			runOnlyForDeploymentPostprocessing = 1;
		};
/* End PBXCopyFilesBuildPhase section */

/* Begin PBXFileReference section */
		AA7D241F162E1588001B45BF /* ViCaRS */ = {isa = PBXFileReference; explicitFileType = "compiled.mach-o.executable"; includeInIndex = 0; path = ViCaRS; sourceTree = BUILT_PRODUCTS_DIR; };
		AA7D2430162E15C0001B45BF /* BlockData.h */ = {isa = PBXFileReference; fileEncoding = 4; lastKnownFileType = sourcecode.c.h; path = BlockData.h; sourceTree = SOURCE_ROOT; };
		AA7D2431162E15C0001B45BF /* Equations.cpp */ = {isa = PBXFileReference; fileEncoding = 4; lastKnownFileType = sourcecode.cpp.cpp; path = Equations.cpp; sourceTree = SOURCE_ROOT; };
		AA7D2432162E15C0001B45BF /* Equations.h */ = {isa = PBXFileReference; fileEncoding = 4; lastKnownFileType = sourcecode.c.h; path = Equations.h; sourceTree = SOURCE_ROOT; };
		AA7D2433162E15C0001B45BF /* main.cpp */ = {isa = PBXFileReference; fileEncoding = 4; lastKnownFileType = sourcecode.cpp.cpp; path = main.cpp; sourceTree = SOURCE_ROOT; };
		AA7D2434162E15C0001B45BF /* RateState.cpp */ = {isa = PBXFileReference; fileEncoding = 4; lastKnownFileType = sourcecode.cpp.cpp; path = RateState.cpp; sourceTree = SOURCE_ROOT; };
		AA7D2435162E15C0001B45BF /* RateState.h */ = {isa = PBXFileReference; fileEncoding = 4; lastKnownFileType = sourcecode.c.h; path = RateState.h; sourceTree = SOURCE_ROOT; };
		AA7D2436162E15C0001B45BF /* Solver.cpp */ = {isa = PBXFileReference; fileEncoding = 4; lastKnownFileType = sourcecode.cpp.cpp; path = Solver.cpp; sourceTree = SOURCE_ROOT; };
		AA7D2437162E15C0001B45BF /* Solver.h */ = {isa = PBXFileReference; fileEncoding = 4; lastKnownFileType = sourcecode.c.h; path = Solver.h; sourceTree = SOURCE_ROOT; };
		AA7D2438162E15C0001B45BF /* Spline.cpp */ = {isa = PBXFileReference; fileEncoding = 4; lastKnownFileType = sourcecode.cpp.cpp; path = Spline.cpp; sourceTree = SOURCE_ROOT; };
		AA7D2439162E15C0001B45BF /* Spline.h */ = {isa = PBXFileReference; fileEncoding = 4; lastKnownFileType = sourcecode.c.h; path = Spline.h; sourceTree = SOURCE_ROOT; };
		AA7D2441162E1666001B45BF /* QuakeLib.h */ = {isa = PBXFileReference; fileEncoding = 4; lastKnownFileType = sourcecode.c.h; name = QuakeLib.h; path = ../vcal/new_vcal/quakelib/src/QuakeLib.h; sourceTree = "<group>"; };
		AA7D2442162E1666001B45BF /* QuakeLibOkada.h */ = {isa = PBXFileReference; fileEncoding = 4; lastKnownFileType = sourcecode.c.h; name = QuakeLibOkada.h; path = ../vcal/new_vcal/quakelib/src/QuakeLibOkada.h; sourceTree = "<group>"; };
		AA7D2443162E1666001B45BF /* QuakeLibUtil.h */ = {isa = PBXFileReference; fileEncoding = 4; lastKnownFileType = sourcecode.c.h; name = QuakeLibUtil.h; path = ../vcal/new_vcal/quakelib/src/QuakeLibUtil.h; sourceTree = "<group>"; };
		AA7D2444162E1666001B45BF /* QuakeLibCondition.cpp */ = {isa = PBXFileReference; fileEncoding = 4; lastKnownFileType = sourcecode.cpp.cpp; name = QuakeLibCondition.cpp; path = ../vcal/new_vcal/quakelib/src/QuakeLibCondition.cpp; sourceTree = "<group>"; };
		AA7D2445162E1666001B45BF /* QuakeLibElement.cpp */ = {isa = PBXFileReference; fileEncoding = 4; lastKnownFileType = sourcecode.cpp.cpp; name = QuakeLibElement.cpp; path = ../vcal/new_vcal/quakelib/src/QuakeLibElement.cpp; sourceTree = "<group>"; };
		AA7D2446162E1666001B45BF /* QuakeLibEvent.cpp */ = {isa = PBXFileReference; fileEncoding = 4; lastKnownFileType = sourcecode.cpp.cpp; name = QuakeLibEvent.cpp; path = ../vcal/new_vcal/quakelib/src/QuakeLibEvent.cpp; sourceTree = "<group>"; };
		AA7D2447162E1666001B45BF /* QuakeLibFriction.cpp */ = {isa = PBXFileReference; fileEncoding = 4; lastKnownFileType = sourcecode.cpp.cpp; name = QuakeLibFriction.cpp; path = ../vcal/new_vcal/quakelib/src/QuakeLibFriction.cpp; sourceTree = "<group>"; };
		AA7D2448162E1666001B45BF /* QuakeLibGeometry.cpp */ = {isa = PBXFileReference; fileEncoding = 4; lastKnownFileType = sourcecode.cpp.cpp; name = QuakeLibGeometry.cpp; path = ../vcal/new_vcal/quakelib/src/QuakeLibGeometry.cpp; sourceTree = "<group>"; };
		AA7D2449162E1666001B45BF /* QuakeLibMetadata.cpp */ = {isa = PBXFileReference; fileEncoding = 4; lastKnownFileType = sourcecode.cpp.cpp; name = QuakeLibMetadata.cpp; path = ../vcal/new_vcal/quakelib/src/QuakeLibMetadata.cpp; sourceTree = "<group>"; };
		AA7D244A162E1666001B45BF /* QuakeLibOkada.cpp */ = {isa = PBXFileReference; fileEncoding = 4; lastKnownFileType = sourcecode.cpp.cpp; name = QuakeLibOkada.cpp; path = ../vcal/new_vcal/quakelib/src/QuakeLibOkada.cpp; sourceTree = "<group>"; };
		AA7D244B162E1666001B45BF /* QuakeLibUtil.cpp */ = {isa = PBXFileReference; fileEncoding = 4; lastKnownFileType = sourcecode.cpp.cpp; name = QuakeLibUtil.cpp; path = ../vcal/new_vcal/quakelib/src/QuakeLibUtil.cpp; sourceTree = "<group>"; };
/* End PBXFileReference section */

/* Begin PBXFrameworksBuildPhase section */
		AA7D241C162E1588001B45BF /* Frameworks */ = {
			isa = PBXFrameworksBuildPhase;
			buildActionMask = 2147483647;
			files = (
			);
			runOnlyForDeploymentPostprocessing = 0;
		};
/* End PBXFrameworksBuildPhase section */

/* Begin PBXGroup section */
		AA7D2414162E1588001B45BF = {
			isa = PBXGroup;
			children = (
				AA7D2440162E165D001B45BF /* QuakeLib */,
				AA7D2422162E1588001B45BF /* ViCaRS */,
				AA7D2420162E1588001B45BF /* Products */,
			);
			sourceTree = "<group>";
		};
		AA7D2420162E1588001B45BF /* Products */ = {
			isa = PBXGroup;
			children = (
				AA7D241F162E1588001B45BF /* ViCaRS */,
			);
			name = Products;
			sourceTree = "<group>";
		};
		AA7D2422162E1588001B45BF /* ViCaRS */ = {
			isa = PBXGroup;
			children = (
				AA7D2430162E15C0001B45BF /* BlockData.h */,
				AA7D2431162E15C0001B45BF /* Equations.cpp */,
				AA7D2432162E15C0001B45BF /* Equations.h */,
				AA7D2433162E15C0001B45BF /* main.cpp */,
				AA7D2434162E15C0001B45BF /* RateState.cpp */,
				AA7D2435162E15C0001B45BF /* RateState.h */,
				AA7D2436162E15C0001B45BF /* Solver.cpp */,
				AA7D2437162E15C0001B45BF /* Solver.h */,
				AA7D2438162E15C0001B45BF /* Spline.cpp */,
				AA7D2439162E15C0001B45BF /* Spline.h */,
			);
			path = ViCaRS;
			sourceTree = "<group>";
		};
		AA7D2440162E165D001B45BF /* QuakeLib */ = {
			isa = PBXGroup;
			children = (
				AA7D2441162E1666001B45BF /* QuakeLib.h */,
				AA7D2442162E1666001B45BF /* QuakeLibOkada.h */,
				AA7D2443162E1666001B45BF /* QuakeLibUtil.h */,
				AA7D2444162E1666001B45BF /* QuakeLibCondition.cpp */,
				AA7D2445162E1666001B45BF /* QuakeLibElement.cpp */,
				AA7D2446162E1666001B45BF /* QuakeLibEvent.cpp */,
				AA7D2447162E1666001B45BF /* QuakeLibFriction.cpp */,
				AA7D2448162E1666001B45BF /* QuakeLibGeometry.cpp */,
				AA7D2449162E1666001B45BF /* QuakeLibMetadata.cpp */,
				AA7D244A162E1666001B45BF /* QuakeLibOkada.cpp */,
				AA7D244B162E1666001B45BF /* QuakeLibUtil.cpp */,
			);
			name = QuakeLib;
			sourceTree = "<group>";
		};
/* End PBXGroup section */

/* Begin PBXNativeTarget section */
		AA7D241E162E1588001B45BF /* ViCaRS */ = {
			isa = PBXNativeTarget;
			buildConfigurationList = AA7D2429162E1588001B45BF /* Build configuration list for PBXNativeTarget "ViCaRS" */;
			buildPhases = (
				AA7D241B162E1588001B45BF /* Sources */,
				AA7D241C162E1588001B45BF /* Frameworks */,
				AA7D241D162E1588001B45BF /* CopyFiles */,
			);
			buildRules = (
			);
			dependencies = (
			);
			name = ViCaRS;
			productName = ViCaRS;
			productReference = AA7D241F162E1588001B45BF /* ViCaRS */;
			productType = "com.apple.product-type.tool";
		};
/* End PBXNativeTarget section */

/* Begin PBXProject section */
		AA7D2416162E1588001B45BF /* Project object */ = {
			isa = PBXProject;
			attributes = {
				LastUpgradeCheck = 0450;
				ORGANIZATIONNAME = "Eric Heien";
			};
			buildConfigurationList = AA7D2419162E1588001B45BF /* Build configuration list for PBXProject "ViCaRS" */;
			compatibilityVersion = "Xcode 3.2";
			developmentRegion = English;
			hasScannedForEncodings = 0;
			knownRegions = (
				en,
			);
			mainGroup = AA7D2414162E1588001B45BF;
			productRefGroup = AA7D2420162E1588001B45BF /* Products */;
			projectDirPath = "";
			projectRoot = "";
			targets = (
				AA7D241E162E1588001B45BF /* ViCaRS */,
			);
		};
/* End PBXProject section */

/* Begin PBXSourcesBuildPhase section */
		AA7D241B162E1588001B45BF /* Sources */ = {
			isa = PBXSourcesBuildPhase;
			buildActionMask = 2147483647;
			files = (
				AA7D243A162E15C0001B45BF /* Equations.cpp in Sources */,
				AA7D243B162E15C0001B45BF /* main.cpp in Sources */,
				AA7D243C162E15C0001B45BF /* RateState.cpp in Sources */,
				AA7D243D162E15C0001B45BF /* Solver.cpp in Sources */,
				AA7D243E162E15C0001B45BF /* Spline.cpp in Sources */,
				AA7D244C162E1666001B45BF /* QuakeLibCondition.cpp in Sources */,
				AA7D244D162E1666001B45BF /* QuakeLibElement.cpp in Sources */,
				AA7D244E162E1666001B45BF /* QuakeLibEvent.cpp in Sources */,
				AA7D244F162E1666001B45BF /* QuakeLibFriction.cpp in Sources */,
				AA7D2450162E1666001B45BF /* QuakeLibGeometry.cpp in Sources */,
				AA7D2451162E1666001B45BF /* QuakeLibMetadata.cpp in Sources */,
				AA7D2452162E1666001B45BF /* QuakeLibOkada.cpp in Sources */,
				AA7D2453162E1666001B45BF /* QuakeLibUtil.cpp in Sources */,
			);
			runOnlyForDeploymentPostprocessing = 0;
		};
/* End PBXSourcesBuildPhase section */

/* Begin XCBuildConfiguration section */
		AA7D2427162E1588001B45BF /* Debug */ = {
			isa = XCBuildConfiguration;
			buildSettings = {
				ALWAYS_SEARCH_USER_PATHS = NO;
				ARCHS = "$(ARCHS_STANDARD_64_BIT)";
				CLANG_CXX_LANGUAGE_STANDARD = "gnu++0x";
				CLANG_CXX_LIBRARY = "libc++";
				CLANG_ENABLE_OBJC_ARC = YES;
				CLANG_WARN_EMPTY_BODY = YES;
				CLANG_WARN__DUPLICATE_METHOD_MATCH = YES;
				COPY_PHASE_STRIP = NO;
				GCC_C_LANGUAGE_STANDARD = gnu99;
				GCC_DYNAMIC_NO_PIC = NO;
				GCC_ENABLE_OBJC_EXCEPTIONS = YES;
				GCC_OPTIMIZATION_LEVEL = 0;
				GCC_PREPROCESSOR_DEFINITIONS = (
					"DEBUG=1",
					"$(inherited)",
				);
				GCC_SYMBOLS_PRIVATE_EXTERN = NO;
				GCC_WARN_64_TO_32_BIT_CONVERSION = YES;
				GCC_WARN_ABOUT_RETURN_TYPE = YES;
				GCC_WARN_UNINITIALIZED_AUTOS = YES;
				GCC_WARN_UNUSED_VARIABLE = YES;
				MACOSX_DEPLOYMENT_TARGET = 10.7;
				ONLY_ACTIVE_ARCH = YES;
				SDKROOT = macosx;
			};
			name = Debug;
		};
		AA7D2428162E1588001B45BF /* Release */ = {
			isa = XCBuildConfiguration;
			buildSettings = {
				ALWAYS_SEARCH_USER_PATHS = NO;
				ARCHS = "$(ARCHS_STANDARD_64_BIT)";
				CLANG_CXX_LANGUAGE_STANDARD = "gnu++0x";
				CLANG_CXX_LIBRARY = "libc++";
				CLANG_ENABLE_OBJC_ARC = YES;
				CLANG_WARN_EMPTY_BODY = YES;
				CLANG_WARN__DUPLICATE_METHOD_MATCH = YES;
				COPY_PHASE_STRIP = YES;
				DEBUG_INFORMATION_FORMAT = "dwarf-with-dsym";
				GCC_C_LANGUAGE_STANDARD = gnu99;
				GCC_ENABLE_OBJC_EXCEPTIONS = YES;
				GCC_WARN_64_TO_32_BIT_CONVERSION = YES;
				GCC_WARN_ABOUT_RETURN_TYPE = YES;
				GCC_WARN_UNINITIALIZED_AUTOS = YES;
				GCC_WARN_UNUSED_VARIABLE = YES;
				MACOSX_DEPLOYMENT_TARGET = 10.7;
				SDKROOT = macosx;
			};
			name = Release;
		};
		AA7D242A162E1588001B45BF /* Debug */ = {
			isa = XCBuildConfiguration;
			buildSettings = {
				OTHER_CFLAGS = (
					"-I/usr/local/include/",
					"-I/opt/local/include/",
				);
				OTHER_LDFLAGS = (
					"-L/usr/local/lib/",
					"-L/opt/local/lib/",
					"-lsundials_cvode",
					"-lsundials_nvecserial",
					"-lgsl",
				);
				PRODUCT_NAME = "$(TARGET_NAME)";
			};
			name = Debug;
		};
		AA7D242B162E1588001B45BF /* Release */ = {
			isa = XCBuildConfiguration;
			buildSettings = {
				OTHER_CFLAGS = (
					"-I/usr/local/include/",
					"-I/opt/local/include/",
				);
				OTHER_LDFLAGS = (
					"-L/usr/local/lib/",
					"-L/opt/local/lib/",
					"-lsundials_cvode",
					"-lsundials_nvecserial",
					"-lgsl",
				);
				PRODUCT_NAME = "$(TARGET_NAME)";
			};
			name = Release;
		};
/* End XCBuildConfiguration section */

/* Begin XCConfigurationList section */
		AA7D2419162E1588001B45BF /* Build configuration list for PBXProject "ViCaRS" */ = {
			isa = XCConfigurationList;
			buildConfigurations = (
				AA7D2427162E1588001B45BF /* Debug */,
				AA7D2428162E1588001B45BF /* Release */,
			);
			defaultConfigurationIsVisible = 0;
			defaultConfigurationName = Release;
		};
		AA7D2429162E1588001B45BF /* Build configuration list for PBXNativeTarget "ViCaRS" */ = {
			isa = XCConfigurationList;
			buildConfigurations = (
				AA7D242A162E1588001B45BF /* Debug */,
				AA7D242B162E1588001B45BF /* Release */,
			);
			defaultConfigurationIsVisible = 0;
			defaultConfigurationName = Release;
		};
/* End XCConfigurationList section */
	};
	rootObject = AA7D2416162E1588001B45BF /* Project object */;
}
