// !$*UTF8*$!
{
	archiveVersion = 1;
	classes = {
	};
	objectVersion = 46;
	objects = {

/* Begin PBXBuildFile section */
		AA1DA2021545E2050082AF78 /* main.cpp in Sources */ = {isa = PBXBuildFile; fileRef = AA1DA1FF1545E2050082AF78 /* main.cpp */; };
		AA1DA2031545E2050082AF78 /* RateState.cpp in Sources */ = {isa = PBXBuildFile; fileRef = AA1DA2001545E2050082AF78 /* RateState.cpp */; };
		AA1EE0C315C065D4003FA7AB /* Spline.cpp in Sources */ = {isa = PBXBuildFile; fileRef = AA1EE0C115C065D4003FA7AB /* Spline.cpp */; };
/* End PBXBuildFile section */

/* Begin PBXCopyFilesBuildPhase section */
		AA1DA1E81545E1DE0082AF78 /* CopyFiles */ = {
			isa = PBXCopyFilesBuildPhase;
			buildActionMask = 2147483647;
			dstPath = /usr/share/man/man1/;
			dstSubfolderSpec = 0;
			files = (
			);
			runOnlyForDeploymentPostprocessing = 1;
		};
/* End PBXCopyFilesBuildPhase section */

/* Begin PBXFileReference section */
		AA1DA1EA1545E1DE0082AF78 /* ViCaRS */ = {isa = PBXFileReference; explicitFileType = "compiled.mach-o.executable"; includeInIndex = 0; path = ViCaRS; sourceTree = BUILT_PRODUCTS_DIR; };
		AA1DA1FF1545E2050082AF78 /* main.cpp */ = {isa = PBXFileReference; fileEncoding = 4; lastKnownFileType = sourcecode.cpp.cpp; path = main.cpp; sourceTree = SOURCE_ROOT; };
		AA1DA2001545E2050082AF78 /* RateState.cpp */ = {isa = PBXFileReference; fileEncoding = 4; lastKnownFileType = sourcecode.cpp.cpp; path = RateState.cpp; sourceTree = SOURCE_ROOT; };
		AA1DA2011545E2050082AF78 /* RateState.h */ = {isa = PBXFileReference; fileEncoding = 4; lastKnownFileType = sourcecode.c.h; path = RateState.h; sourceTree = SOURCE_ROOT; };
		AA1EE0C115C065D4003FA7AB /* Spline.cpp */ = {isa = PBXFileReference; fileEncoding = 4; lastKnownFileType = sourcecode.cpp.cpp; path = Spline.cpp; sourceTree = SOURCE_ROOT; };
		AA1EE0C215C065D4003FA7AB /* Spline.h */ = {isa = PBXFileReference; fileEncoding = 4; lastKnownFileType = sourcecode.c.h; path = Spline.h; sourceTree = SOURCE_ROOT; };
/* End PBXFileReference section */

/* Begin PBXFrameworksBuildPhase section */
		AA1DA1E71545E1DE0082AF78 /* Frameworks */ = {
			isa = PBXFrameworksBuildPhase;
			buildActionMask = 2147483647;
			files = (
			);
			runOnlyForDeploymentPostprocessing = 0;
		};
/* End PBXFrameworksBuildPhase section */

/* Begin PBXGroup section */
		AA1DA1DF1545E1DE0082AF78 = {
			isa = PBXGroup;
			children = (
				AA1DA1ED1545E1DE0082AF78 /* ViCaRS */,
				AA1DA1EB1545E1DE0082AF78 /* Products */,
			);
			sourceTree = "<group>";
		};
		AA1DA1EB1545E1DE0082AF78 /* Products */ = {
			isa = PBXGroup;
			children = (
				AA1DA1EA1545E1DE0082AF78 /* ViCaRS */,
			);
			name = Products;
			sourceTree = "<group>";
		};
		AA1DA1ED1545E1DE0082AF78 /* ViCaRS */ = {
			isa = PBXGroup;
			children = (
				AA1DA1FF1545E2050082AF78 /* main.cpp */,
				AA1DA2001545E2050082AF78 /* RateState.cpp */,
				AA1DA2011545E2050082AF78 /* RateState.h */,
				AA1EE0C115C065D4003FA7AB /* Spline.cpp */,
				AA1EE0C215C065D4003FA7AB /* Spline.h */,
			);
			path = ViCaRS;
			sourceTree = "<group>";
		};
/* End PBXGroup section */

/* Begin PBXNativeTarget section */
		AA1DA1E91545E1DE0082AF78 /* ViCaRS */ = {
			isa = PBXNativeTarget;
			buildConfigurationList = AA1DA1F41545E1DE0082AF78 /* Build configuration list for PBXNativeTarget "ViCaRS" */;
			buildPhases = (
				AA1DA1E61545E1DE0082AF78 /* Sources */,
				AA1DA1E71545E1DE0082AF78 /* Frameworks */,
				AA1DA1E81545E1DE0082AF78 /* CopyFiles */,
			);
			buildRules = (
			);
			dependencies = (
			);
			name = ViCaRS;
			productName = ViCaRS;
			productReference = AA1DA1EA1545E1DE0082AF78 /* ViCaRS */;
			productType = "com.apple.product-type.tool";
		};
/* End PBXNativeTarget section */

/* Begin PBXProject section */
		AA1DA1E11545E1DE0082AF78 /* Project object */ = {
			isa = PBXProject;
			attributes = {
				LastUpgradeCheck = 0430;
				ORGANIZATIONNAME = UCDavis;
			};
			buildConfigurationList = AA1DA1E41545E1DE0082AF78 /* Build configuration list for PBXProject "ViCaRS" */;
			compatibilityVersion = "Xcode 3.2";
			developmentRegion = English;
			hasScannedForEncodings = 0;
			knownRegions = (
				en,
			);
			mainGroup = AA1DA1DF1545E1DE0082AF78;
			productRefGroup = AA1DA1EB1545E1DE0082AF78 /* Products */;
			projectDirPath = "";
			projectRoot = "";
			targets = (
				AA1DA1E91545E1DE0082AF78 /* ViCaRS */,
			);
		};
/* End PBXProject section */

/* Begin PBXSourcesBuildPhase section */
		AA1DA1E61545E1DE0082AF78 /* Sources */ = {
			isa = PBXSourcesBuildPhase;
			buildActionMask = 2147483647;
			files = (
				AA1DA2021545E2050082AF78 /* main.cpp in Sources */,
				AA1DA2031545E2050082AF78 /* RateState.cpp in Sources */,
				AA1EE0C315C065D4003FA7AB /* Spline.cpp in Sources */,
			);
			runOnlyForDeploymentPostprocessing = 0;
		};
/* End PBXSourcesBuildPhase section */

/* Begin XCBuildConfiguration section */
		AA1DA1F21545E1DE0082AF78 /* Debug */ = {
			isa = XCBuildConfiguration;
			buildSettings = {
				ALWAYS_SEARCH_USER_PATHS = NO;
				ARCHS = "$(ARCHS_STANDARD_64_BIT)";
				CLANG_ENABLE_OBJC_ARC = YES;
				COPY_PHASE_STRIP = NO;
				GCC_C_LANGUAGE_STANDARD = gnu99;
				GCC_DYNAMIC_NO_PIC = NO;
				GCC_ENABLE_OBJC_EXCEPTIONS = YES;
				GCC_OPTIMIZATION_LEVEL = 0;
				GCC_PREPROCESSOR_DEFINITIONS = (
					"DEBUG=1",
					"$(inherited)",
				);
				GCC_SYMBOLS_PRIVATE_EXTERN = NO;
				GCC_VERSION = "";
				GCC_WARN_64_TO_32_BIT_CONVERSION = YES;
				GCC_WARN_ABOUT_MISSING_PROTOTYPES = YES;
				GCC_WARN_ABOUT_RETURN_TYPE = YES;
				GCC_WARN_UNUSED_VARIABLE = YES;
				HEADER_SEARCH_PATHS = "";
				MACOSX_DEPLOYMENT_TARGET = 10.7;
				ONLY_ACTIVE_ARCH = YES;
				OTHER_CFLAGS = "-I/opt/local/include/";
				SDKROOT = macosx;
			};
			name = Debug;
		};
		AA1DA1F31545E1DE0082AF78 /* Release */ = {
			isa = XCBuildConfiguration;
			buildSettings = {
				ALWAYS_SEARCH_USER_PATHS = NO;
				ARCHS = "$(ARCHS_STANDARD_64_BIT)";
				CLANG_ENABLE_OBJC_ARC = YES;
				COPY_PHASE_STRIP = YES;
				DEBUG_INFORMATION_FORMAT = "dwarf-with-dsym";
				GCC_C_LANGUAGE_STANDARD = gnu99;
				GCC_ENABLE_OBJC_EXCEPTIONS = YES;
				GCC_VERSION = "";
				GCC_WARN_64_TO_32_BIT_CONVERSION = YES;
				GCC_WARN_ABOUT_MISSING_PROTOTYPES = YES;
				GCC_WARN_ABOUT_RETURN_TYPE = YES;
				GCC_WARN_UNUSED_VARIABLE = YES;
				HEADER_SEARCH_PATHS = "";
				MACOSX_DEPLOYMENT_TARGET = 10.7;
				OTHER_CFLAGS = "-I/opt/local/include/";
				SDKROOT = macosx;
			};
			name = Release;
		};
		AA1DA1F51545E1DE0082AF78 /* Debug */ = {
			isa = XCBuildConfiguration;
			buildSettings = {
				HEADER_SEARCH_PATHS = "/opt/local/include/openmpi/**";
				LIBRARY_SEARCH_PATHS = "/opt/local/lib/**";
				OTHER_CFLAGS = (
					"-I/usr/local/include/",
					"-I/opt/local/include/",
				);
				OTHER_LDFLAGS = (
					"-L/usr/local/lib/",
					"-lmpi",
					"-lmpi_cxx",
					"-lsundials_cvode",
					"-lsundials_nvecparallel",
					"-lgsl",
				);
				PRODUCT_NAME = "$(TARGET_NAME)";
				USER_HEADER_SEARCH_PATHS = "";
			};
			name = Debug;
		};
		AA1DA1F61545E1DE0082AF78 /* Release */ = {
			isa = XCBuildConfiguration;
			buildSettings = {
				HEADER_SEARCH_PATHS = "/opt/local/include/openmpi/**";
				LIBRARY_SEARCH_PATHS = "/opt/local/lib/**";
				OTHER_CFLAGS = (
					"-I/usr/local/include/",
					"-I/opt/local/include/",
				);
				OTHER_LDFLAGS = (
					"-L/usr/local/lib/",
					"-lmpi",
					"-lmpi_cxx",
					"-lsundials_cvode",
					"-lsundials_nvecparallel",
					"-lgsl",
				);
				PRODUCT_NAME = "$(TARGET_NAME)";
				USER_HEADER_SEARCH_PATHS = "";
			};
			name = Release;
		};
/* End XCBuildConfiguration section */

/* Begin XCConfigurationList section */
		AA1DA1E41545E1DE0082AF78 /* Build configuration list for PBXProject "ViCaRS" */ = {
			isa = XCConfigurationList;
			buildConfigurations = (
				AA1DA1F21545E1DE0082AF78 /* Debug */,
				AA1DA1F31545E1DE0082AF78 /* Release */,
			);
			defaultConfigurationIsVisible = 0;
			defaultConfigurationName = Release;
		};
		AA1DA1F41545E1DE0082AF78 /* Build configuration list for PBXNativeTarget "ViCaRS" */ = {
			isa = XCConfigurationList;
			buildConfigurations = (
				AA1DA1F51545E1DE0082AF78 /* Debug */,
				AA1DA1F61545E1DE0082AF78 /* Release */,
			);
			defaultConfigurationIsVisible = 0;
			defaultConfigurationName = Release;
		};
/* End XCConfigurationList section */
	};
	rootObject = AA1DA1E11545E1DE0082AF78 /* Project object */;
}
